
Microsoft Visual Studio Solution File, Format Version 12.00
# Visual Studio Version 17
VisualStudioVersion = 17.6.33829.357
MinimumVisualStudioVersion = 10.0.40219.1
Project("{9A19103F-16F7-4668-BE54-9A1E7A4F7556}") = "ListaZadanNaPo_cz2", "ListaZadanNaPo_cz2\ListaZadanNaPo_cz2.csproj", "{2F1E9A59-16A5-4F31-B115-62EEBD0D5E2C}"
EndProject
Global
	GlobalSection(SolutionConfigurationPlatforms) = preSolution
		Debug|Any CPU = Debug|Any CPU
		Release|Any CPU = Release|Any CPU
	EndGlobalSection
	GlobalSection(ProjectConfigurationPlatforms) = postSolution
		{2F1E9A59-16A5-4F31-B115-62EEBD0D5E2C}.Debug|Any CPU.ActiveCfg = Debug|Any CPU
		{2F1E9A59-16A5-4F31-B115-62EEBD0D5E2C}.Debug|Any CPU.Build.0 = Debug|Any CPU
		{2F1E9A59-16A5-4F31-B115-62EEBD0D5E2C}.Release|Any CPU.ActiveCfg = Release|Any CPU
		{2F1E9A59-16A5-4F31-B115-62EEBD0D5E2C}.Release|Any CPU.Build.0 = Release|Any CPU
	EndGlobalSection
	GlobalSection(SolutionProperties) = preSolution
		HideSolutionNode = FALSE
	EndGlobalSection
	GlobalSection(ExtensibilityGlobals) = postSolution
		SolutionGuid = {4FEB4FC8-EDA5-4EE9-BB7C-61A743F5E64E}
	EndGlobalSection
EndGlobal
