
Microsoft Visual Studio Solution File, Format Version 12.00
# Visual Studio Version 17
VisualStudioVersion = 17.6.33829.357
MinimumVisualStudioVersion = 10.0.40219.1
Project("{FAE04EC0-301F-11D3-BF4B-00C04F79EFBC}") = "Vehicle", "Vehicle\Vehicle.csproj", "{04506856-A914-4483-8284-47A5BD9AD04A}"
EndProject
Global
	GlobalSection(SolutionConfigurationPlatforms) = preSolution
		Debug|Any CPU = Debug|Any CPU
		Release|Any CPU = Release|Any CPU
	EndGlobalSection
	GlobalSection(ProjectConfigurationPlatforms) = postSolution
		{04506856-A914-4483-8284-47A5BD9AD04A}.Debug|Any CPU.ActiveCfg = Debug|Any CPU
		{04506856-A914-4483-8284-47A5BD9AD04A}.Debug|Any CPU.Build.0 = Debug|Any CPU
		{04506856-A914-4483-8284-47A5BD9AD04A}.Release|Any CPU.ActiveCfg = Release|Any CPU
		{04506856-A914-4483-8284-47A5BD9AD04A}.Release|Any CPU.Build.0 = Release|Any CPU
	EndGlobalSection
	GlobalSection(SolutionProperties) = preSolution
		HideSolutionNode = FALSE
	EndGlobalSection
	GlobalSection(ExtensibilityGlobals) = postSolution
		SolutionGuid = {4329A17A-F0C2-45DE-B47E-08147D777CA0}
	EndGlobalSection
EndGlobal
